// !$*UTF8*$!
{
	archiveVersion = 1;
	classes = {
	};
	objectVersion = 46;
	objects = {

/* Begin PBXBuildFile section */
		DBB8794A210972CB00D395BE /* AppDelegate.swift in Sources */ = {isa = PBXBuildFile; fileRef = DBB87949210972CB00D395BE /* AppDelegate.swift */; };
		DBB8794C210972D600D395BE /* Assets.xcassets in Resources */ = {isa = PBXBuildFile; fileRef = DBB8794B210972D600D395BE /* Assets.xcassets */; };
		DBB8794F210972D600D395BE /* LaunchScreen.storyboard in Resources */ = {isa = PBXBuildFile; fileRef = DBB8794D210972D600D395BE /* LaunchScreen.storyboard */; };
		DBB87955210972F700D395BE /* ViewController.swift in Sources */ = {isa = PBXBuildFile; fileRef = DBB87954210972F700D395BE /* ViewController.swift */; };
		DBB8795D2109997600D395BE /* AppDelegate.swift in Sources */ = {isa = PBXBuildFile; fileRef = DBB8795C2109997600D395BE /* AppDelegate.swift */; };
		DBB8795F2109997D00D395BE /* Assets.xcassets in Resources */ = {isa = PBXBuildFile; fileRef = DBB8795E2109997D00D395BE /* Assets.xcassets */; };
		DBB879622109997D00D395BE /* LaunchScreen.storyboard in Resources */ = {isa = PBXBuildFile; fileRef = DBB879602109997D00D395BE /* LaunchScreen.storyboard */; };
		DBB879672109998E00D395BE /* PullToRefresh.framework in Frameworks */ = {isa = PBXBuildFile; fileRef = DBC80A971F40415F006A7B63 /* PullToRefresh.framework */; };
		DBB879682109998E00D395BE /* PullToRefresh.framework in Embed Frameworks */ = {isa = PBXBuildFile; fileRef = DBC80A971F40415F006A7B63 /* PullToRefresh.framework */; settings = {ATTRIBUTES = (CodeSignOnCopy, RemoveHeadersOnCopy, ); }; };
		DBB8796D210999A200D395BE /* ViewController.swift in Sources */ = {isa = PBXBuildFile; fileRef = DBB8796C210999A200D395BE /* ViewController.swift */; };
		DBC80A9C1F40415F006A7B63 /* PullToRefresh.h in Headers */ = {isa = PBXBuildFile; fileRef = DBC80A9A1F40415F006A7B63 /* PullToRefresh.h */; settings = {ATTRIBUTES = (Public, ); }; };
		DBC80AA91F404186006A7B63 /* DefaultLoadMoreAnimation.swift in Sources */ = {isa = PBXBuildFile; fileRef = DBC80AA31F404186006A7B63 /* DefaultLoadMoreAnimation.swift */; };
		DBC80AAA1F404186006A7B63 /* DefaultRefreshAnimationView.swift in Sources */ = {isa = PBXBuildFile; fileRef = DBC80AA41F404186006A7B63 /* DefaultRefreshAnimationView.swift */; };
		DBC80AAB1F404186006A7B63 /* LoadMoreView.swift in Sources */ = {isa = PBXBuildFile; fileRef = DBC80AA51F404186006A7B63 /* LoadMoreView.swift */; };
		DBC80AAC1F404186006A7B63 /* PullToRefreshView.swift in Sources */ = {isa = PBXBuildFile; fileRef = DBC80AA61F404186006A7B63 /* PullToRefreshView.swift */; };
		DBC80AAD1F404186006A7B63 /* UIScrollView+PullToRefresh.swift in Sources */ = {isa = PBXBuildFile; fileRef = DBC80AA71F404186006A7B63 /* UIScrollView+PullToRefresh.swift */; };
		DBC80AAF1F404AB1006A7B63 /* UITableView+Ext.swift in Sources */ = {isa = PBXBuildFile; fileRef = DBC80AAE1F404AB1006A7B63 /* UITableView+Ext.swift */; };
		DBC80AB31F404CBC006A7B63 /* Animatable.swift in Sources */ = {isa = PBXBuildFile; fileRef = DBC80AB21F404CBC006A7B63 /* Animatable.swift */; };
/* End PBXBuildFile section */

/* Begin PBXContainerItemProxy section */
		DBB879692109998E00D395BE /* PBXContainerItemProxy */ = {
			isa = PBXContainerItemProxy;
			containerPortal = DBC80A8E1F40415F006A7B63 /* Project object */;
			proxyType = 1;
			remoteGlobalIDString = DBC80A961F40415F006A7B63;
			remoteInfo = PullToRefresh;
		};
/* End PBXContainerItemProxy section */

/* Begin PBXCopyFilesBuildPhase section */
		DBB8796B2109998E00D395BE /* Embed Frameworks */ = {
			isa = PBXCopyFilesBuildPhase;
			buildActionMask = 2147483647;
			dstPath = "";
			dstSubfolderSpec = 10;
			files = (
				DBB879682109998E00D395BE /* PullToRefresh.framework in Embed Frameworks */,
			);
			name = "Embed Frameworks";
			runOnlyForDeploymentPostprocessing = 0;
		};
/* End PBXCopyFilesBuildPhase section */

/* Begin PBXFileReference section */
		DBB87947210972CB00D395BE /* ScrollView.app */ = {isa = PBXFileReference; explicitFileType = wrapper.application; includeInIndex = 0; path = ScrollView.app; sourceTree = BUILT_PRODUCTS_DIR; };
		DBB87949210972CB00D395BE /* AppDelegate.swift */ = {isa = PBXFileReference; lastKnownFileType = sourcecode.swift; path = AppDelegate.swift; sourceTree = "<group>"; };
		DBB8794B210972D600D395BE /* Assets.xcassets */ = {isa = PBXFileReference; lastKnownFileType = folder.assetcatalog; path = Assets.xcassets; sourceTree = "<group>"; };
		DBB8794E210972D600D395BE /* Base */ = {isa = PBXFileReference; lastKnownFileType = file.storyboard; name = Base; path = Base.lproj/LaunchScreen.storyboard; sourceTree = "<group>"; };
		DBB87950210972D600D395BE /* Info.plist */ = {isa = PBXFileReference; lastKnownFileType = text.plist.xml; path = Info.plist; sourceTree = "<group>"; };
		DBB87954210972F700D395BE /* ViewController.swift */ = {isa = PBXFileReference; lastKnownFileType = sourcecode.swift; path = ViewController.swift; sourceTree = "<group>"; };
		DBB8795A2109997500D395BE /* Example.app */ = {isa = PBXFileReference; explicitFileType = wrapper.application; includeInIndex = 0; path = Example.app; sourceTree = BUILT_PRODUCTS_DIR; };
		DBB8795C2109997600D395BE /* AppDelegate.swift */ = {isa = PBXFileReference; lastKnownFileType = sourcecode.swift; path = AppDelegate.swift; sourceTree = "<group>"; };
		DBB8795E2109997D00D395BE /* Assets.xcassets */ = {isa = PBXFileReference; lastKnownFileType = folder.assetcatalog; path = Assets.xcassets; sourceTree = "<group>"; };
		DBB879612109997D00D395BE /* Base */ = {isa = PBXFileReference; lastKnownFileType = file.storyboard; name = Base; path = Base.lproj/LaunchScreen.storyboard; sourceTree = "<group>"; };
		DBB879632109997D00D395BE /* Info.plist */ = {isa = PBXFileReference; lastKnownFileType = text.plist.xml; path = Info.plist; sourceTree = "<group>"; };
		DBB8796C210999A200D395BE /* ViewController.swift */ = {isa = PBXFileReference; lastKnownFileType = sourcecode.swift; path = ViewController.swift; sourceTree = "<group>"; };
		DBC80A971F40415F006A7B63 /* PullToRefresh.framework */ = {isa = PBXFileReference; explicitFileType = wrapper.framework; includeInIndex = 0; path = PullToRefresh.framework; sourceTree = BUILT_PRODUCTS_DIR; };
		DBC80A9A1F40415F006A7B63 /* PullToRefresh.h */ = {isa = PBXFileReference; lastKnownFileType = sourcecode.c.h; path = PullToRefresh.h; sourceTree = "<group>"; };
		DBC80A9B1F40415F006A7B63 /* Info.plist */ = {isa = PBXFileReference; lastKnownFileType = text.plist.xml; path = Info.plist; sourceTree = "<group>"; };
		DBC80AA31F404186006A7B63 /* DefaultLoadMoreAnimation.swift */ = {isa = PBXFileReference; fileEncoding = 4; lastKnownFileType = sourcecode.swift; path = DefaultLoadMoreAnimation.swift; sourceTree = "<group>"; };
		DBC80AA41F404186006A7B63 /* DefaultRefreshAnimationView.swift */ = {isa = PBXFileReference; fileEncoding = 4; lastKnownFileType = sourcecode.swift; path = DefaultRefreshAnimationView.swift; sourceTree = "<group>"; };
		DBC80AA51F404186006A7B63 /* LoadMoreView.swift */ = {isa = PBXFileReference; fileEncoding = 4; lastKnownFileType = sourcecode.swift; path = LoadMoreView.swift; sourceTree = "<group>"; };
		DBC80AA61F404186006A7B63 /* PullToRefreshView.swift */ = {isa = PBXFileReference; fileEncoding = 4; lastKnownFileType = sourcecode.swift; path = PullToRefreshView.swift; sourceTree = "<group>"; };
		DBC80AA71F404186006A7B63 /* UIScrollView+PullToRefresh.swift */ = {isa = PBXFileReference; fileEncoding = 4; lastKnownFileType = sourcecode.swift; path = "UIScrollView+PullToRefresh.swift"; sourceTree = "<group>"; };
		DBC80AAE1F404AB1006A7B63 /* UITableView+Ext.swift */ = {isa = PBXFileReference; fileEncoding = 4; lastKnownFileType = sourcecode.swift; path = "UITableView+Ext.swift"; sourceTree = "<group>"; };
		DBC80AB21F404CBC006A7B63 /* Animatable.swift */ = {isa = PBXFileReference; fileEncoding = 4; lastKnownFileType = sourcecode.swift; path = Animatable.swift; sourceTree = "<group>"; };
/* End PBXFileReference section */

/* Begin PBXFrameworksBuildPhase section */
		DBB87944210972CB00D395BE /* Frameworks */ = {
			isa = PBXFrameworksBuildPhase;
			buildActionMask = 2147483647;
			files = (
			);
			runOnlyForDeploymentPostprocessing = 0;
		};
		DBB879572109997500D395BE /* Frameworks */ = {
			isa = PBXFrameworksBuildPhase;
			buildActionMask = 2147483647;
			files = (
				DBB879672109998E00D395BE /* PullToRefresh.framework in Frameworks */,
			);
			runOnlyForDeploymentPostprocessing = 0;
		};
		DBC80A931F40415F006A7B63 /* Frameworks */ = {
			isa = PBXFrameworksBuildPhase;
			buildActionMask = 2147483647;
			files = (
			);
			runOnlyForDeploymentPostprocessing = 0;
		};
/* End PBXFrameworksBuildPhase section */

/* Begin PBXGroup section */
		DBB87948210972CB00D395BE /* ScrollView */ = {
			isa = PBXGroup;
			children = (
				DBB87949210972CB00D395BE /* AppDelegate.swift */,
				DBB87954210972F700D395BE /* ViewController.swift */,
				DBB8794B210972D600D395BE /* Assets.xcassets */,
				DBB8794D210972D600D395BE /* LaunchScreen.storyboard */,
				DBB87950210972D600D395BE /* Info.plist */,
			);
			path = ScrollView;
			sourceTree = "<group>";
		};
		DBB8795B2109997600D395BE /* Example */ = {
			isa = PBXGroup;
			children = (
				DBB8795C2109997600D395BE /* AppDelegate.swift */,
				DBB8796C210999A200D395BE /* ViewController.swift */,
				DBB8795E2109997D00D395BE /* Assets.xcassets */,
				DBB879602109997D00D395BE /* LaunchScreen.storyboard */,
				DBB879632109997D00D395BE /* Info.plist */,
			);
			path = Example;
			sourceTree = "<group>";
		};
		DBC80A8D1F40415F006A7B63 = {
			isa = PBXGroup;
			children = (
				DBC80A991F40415F006A7B63 /* PullToRefresh */,
				DBB87948210972CB00D395BE /* ScrollView */,
				DBB8795B2109997600D395BE /* Example */,
				DBC80A981F40415F006A7B63 /* Products */,
			);
			sourceTree = "<group>";
		};
		DBC80A981F40415F006A7B63 /* Products */ = {
			isa = PBXGroup;
			children = (
				DBC80A971F40415F006A7B63 /* PullToRefresh.framework */,
				DBB87947210972CB00D395BE /* ScrollView.app */,
				DBB8795A2109997500D395BE /* Example.app */,
			);
			name = Products;
			sourceTree = "<group>";
		};
		DBC80A991F40415F006A7B63 /* PullToRefresh */ = {
			isa = PBXGroup;
			children = (
				DBC80A9B1F40415F006A7B63 /* Info.plist */,
				DBC80A9A1F40415F006A7B63 /* PullToRefresh.h */,
				DBC80AA31F404186006A7B63 /* DefaultLoadMoreAnimation.swift */,
				DBC80AA41F404186006A7B63 /* DefaultRefreshAnimationView.swift */,
				DBC80AA51F404186006A7B63 /* LoadMoreView.swift */,
				DBC80AA61F404186006A7B63 /* PullToRefreshView.swift */,
				DBC80AA71F404186006A7B63 /* UIScrollView+PullToRefresh.swift */,
				DBC80AB21F404CBC006A7B63 /* Animatable.swift */,
				DBC80AAE1F404AB1006A7B63 /* UITableView+Ext.swift */,
			);
			path = PullToRefresh;
			sourceTree = "<group>";
		};
/* End PBXGroup section */

/* Begin PBXHeadersBuildPhase section */
		DBC80A941F40415F006A7B63 /* Headers */ = {
			isa = PBXHeadersBuildPhase;
			buildActionMask = 2147483647;
			files = (
				DBC80A9C1F40415F006A7B63 /* PullToRefresh.h in Headers */,
			);
			runOnlyForDeploymentPostprocessing = 0;
		};
/* End PBXHeadersBuildPhase section */

/* Begin PBXNativeTarget section */
		DBB87946210972CB00D395BE /* ScrollView */ = {
			isa = PBXNativeTarget;
			buildConfigurationList = DBB87951210972D600D395BE /* Build configuration list for PBXNativeTarget "ScrollView" */;
			buildPhases = (
				DBB87943210972CB00D395BE /* Sources */,
				DBB87944210972CB00D395BE /* Frameworks */,
				DBB87945210972CB00D395BE /* Resources */,
			);
			buildRules = (
			);
			dependencies = (
			);
			name = ScrollView;
			productName = ScrollView;
			productReference = DBB87947210972CB00D395BE /* ScrollView.app */;
			productType = "com.apple.product-type.application";
		};
		DBB879592109997500D395BE /* Example */ = {
			isa = PBXNativeTarget;
			buildConfigurationList = DBB879642109997E00D395BE /* Build configuration list for PBXNativeTarget "Example" */;
			buildPhases = (
				DBB879562109997500D395BE /* Sources */,
				DBB879572109997500D395BE /* Frameworks */,
				DBB879582109997500D395BE /* Resources */,
				DBB8796B2109998E00D395BE /* Embed Frameworks */,
			);
			buildRules = (
			);
			dependencies = (
				DBB8796A2109998E00D395BE /* PBXTargetDependency */,
			);
			name = Example;
			productName = Example;
			productReference = DBB8795A2109997500D395BE /* Example.app */;
			productType = "com.apple.product-type.application";
		};
		DBC80A961F40415F006A7B63 /* PullToRefresh */ = {
			isa = PBXNativeTarget;
			buildConfigurationList = DBC80A9F1F40415F006A7B63 /* Build configuration list for PBXNativeTarget "PullToRefresh" */;
			buildPhases = (
				DBC80A921F40415F006A7B63 /* Sources */,
				DBC80A931F40415F006A7B63 /* Frameworks */,
				DBC80A941F40415F006A7B63 /* Headers */,
				DBC80A951F40415F006A7B63 /* Resources */,
			);
			buildRules = (
			);
			dependencies = (
			);
			name = PullToRefresh;
			productName = PullToRefresh;
			productReference = DBC80A971F40415F006A7B63 /* PullToRefresh.framework */;
			productType = "com.apple.product-type.framework";
		};
/* End PBXNativeTarget section */

/* Begin PBXProject section */
		DBC80A8E1F40415F006A7B63 /* Project object */ = {
			isa = PBXProject;
			attributes = {
				LastSwiftUpdateCheck = 0940;
				LastUpgradeCheck = 0940;
				ORGANIZATIONNAME = CP3;
				TargetAttributes = {
					DBB87946210972CB00D395BE = {
						CreatedOnToolsVersion = 9.4.1;
						DevelopmentTeam = 9YLTDFGYW3;
						ProvisioningStyle = Automatic;
					};
					DBB879592109997500D395BE = {
						CreatedOnToolsVersion = 9.4.1;
						DevelopmentTeam = 9YLTDFGYW3;
						ProvisioningStyle = Automatic;
					};
					DBC80A961F40415F006A7B63 = {
						CreatedOnToolsVersion = 8.3.3;
						DevelopmentTeam = 9YLTDFGYW3;
						LastSwiftMigration = 0830;
						ProvisioningStyle = Automatic;
					};
				};
			};
			buildConfigurationList = DBC80A911F40415F006A7B63 /* Build configuration list for PBXProject "PullToRefresh" */;
			compatibilityVersion = "Xcode 3.2";
			developmentRegion = English;
			hasScannedForEncodings = 0;
			knownRegions = (
				en,
				Base,
			);
			mainGroup = DBC80A8D1F40415F006A7B63;
			productRefGroup = DBC80A981F40415F006A7B63 /* Products */;
			projectDirPath = "";
			projectRoot = "";
			targets = (
				DBC80A961F40415F006A7B63 /* PullToRefresh */,
				DBB87946210972CB00D395BE /* ScrollView */,
				DBB879592109997500D395BE /* Example */,
			);
		};
/* End PBXProject section */

/* Begin PBXResourcesBuildPhase section */
		DBB87945210972CB00D395BE /* Resources */ = {
			isa = PBXResourcesBuildPhase;
			buildActionMask = 2147483647;
			files = (
				DBB8794C210972D600D395BE /* Assets.xcassets in Resources */,
				DBB8794F210972D600D395BE /* LaunchScreen.storyboard in Resources */,
			);
			runOnlyForDeploymentPostprocessing = 0;
		};
		DBB879582109997500D395BE /* Resources */ = {
			isa = PBXResourcesBuildPhase;
			buildActionMask = 2147483647;
			files = (
				DBB8795F2109997D00D395BE /* Assets.xcassets in Resources */,
				DBB879622109997D00D395BE /* LaunchScreen.storyboard in Resources */,
			);
			runOnlyForDeploymentPostprocessing = 0;
		};
		DBC80A951F40415F006A7B63 /* Resources */ = {
			isa = PBXResourcesBuildPhase;
			buildActionMask = 2147483647;
			files = (
			);
			runOnlyForDeploymentPostprocessing = 0;
		};
/* End PBXResourcesBuildPhase section */

/* Begin PBXSourcesBuildPhase section */
		DBB87943210972CB00D395BE /* Sources */ = {
			isa = PBXSourcesBuildPhase;
			buildActionMask = 2147483647;
			files = (
				DBB87955210972F700D395BE /* ViewController.swift in Sources */,
				DBB8794A210972CB00D395BE /* AppDelegate.swift in Sources */,
			);
			runOnlyForDeploymentPostprocessing = 0;
		};
		DBB879562109997500D395BE /* Sources */ = {
			isa = PBXSourcesBuildPhase;
			buildActionMask = 2147483647;
			files = (
				DBB8796D210999A200D395BE /* ViewController.swift in Sources */,
				DBB8795D2109997600D395BE /* AppDelegate.swift in Sources */,
			);
			runOnlyForDeploymentPostprocessing = 0;
		};
		DBC80A921F40415F006A7B63 /* Sources */ = {
			isa = PBXSourcesBuildPhase;
			buildActionMask = 2147483647;
			files = (
				DBC80AAD1F404186006A7B63 /* UIScrollView+PullToRefresh.swift in Sources */,
				DBC80AAA1F404186006A7B63 /* DefaultRefreshAnimationView.swift in Sources */,
				DBC80AA91F404186006A7B63 /* DefaultLoadMoreAnimation.swift in Sources */,
				DBC80AAF1F404AB1006A7B63 /* UITableView+Ext.swift in Sources */,
				DBC80AAB1F404186006A7B63 /* LoadMoreView.swift in Sources */,
				DBC80AAC1F404186006A7B63 /* PullToRefreshView.swift in Sources */,
				DBC80AB31F404CBC006A7B63 /* Animatable.swift in Sources */,
			);
			runOnlyForDeploymentPostprocessing = 0;
		};
/* End PBXSourcesBuildPhase section */

/* Begin PBXTargetDependency section */
		DBB8796A2109998E00D395BE /* PBXTargetDependency */ = {
			isa = PBXTargetDependency;
			target = DBC80A961F40415F006A7B63 /* PullToRefresh */;
			targetProxy = DBB879692109998E00D395BE /* PBXContainerItemProxy */;
		};
/* End PBXTargetDependency section */

/* Begin PBXVariantGroup section */
		DBB8794D210972D600D395BE /* LaunchScreen.storyboard */ = {
			isa = PBXVariantGroup;
			children = (
				DBB8794E210972D600D395BE /* Base */,
			);
			name = LaunchScreen.storyboard;
			sourceTree = "<group>";
		};
		DBB879602109997D00D395BE /* LaunchScreen.storyboard */ = {
			isa = PBXVariantGroup;
			children = (
				DBB879612109997D00D395BE /* Base */,
			);
			name = LaunchScreen.storyboard;
			sourceTree = "<group>";
		};
/* End PBXVariantGroup section */

/* Begin XCBuildConfiguration section */
		DBB87952210972D600D395BE /* Debug */ = {
			isa = XCBuildConfiguration;
			buildSettings = {
				ASSETCATALOG_COMPILER_APPICON_NAME = AppIcon;
				CLANG_CXX_LANGUAGE_STANDARD = "gnu++14";
				CLANG_ENABLE_OBJC_WEAK = YES;
				CLANG_WARN_UNGUARDED_AVAILABILITY = YES_AGGRESSIVE;
				CODE_SIGN_IDENTITY = "iPhone Developer";
				CODE_SIGN_STYLE = Automatic;
				DEVELOPMENT_TEAM = 9YLTDFGYW3;
				GCC_C_LANGUAGE_STANDARD = gnu11;
				INFOPLIST_FILE = ScrollView/Info.plist;
				IPHONEOS_DEPLOYMENT_TARGET = 11.4;
				LD_RUNPATH_SEARCH_PATHS = "$(inherited) @executable_path/Frameworks";
				PRODUCT_BUNDLE_IDENTIFIER = com.datayp.ScrollView;
				PRODUCT_NAME = "$(TARGET_NAME)";
				SWIFT_VERSION = 4.0;
				TARGETED_DEVICE_FAMILY = "1,2";
			};
			name = Debug;
		};
		DBB87953210972D600D395BE /* Release */ = {
			isa = XCBuildConfiguration;
			buildSettings = {
				ASSETCATALOG_COMPILER_APPICON_NAME = AppIcon;
				CLANG_CXX_LANGUAGE_STANDARD = "gnu++14";
				CLANG_ENABLE_OBJC_WEAK = YES;
				CLANG_WARN_UNGUARDED_AVAILABILITY = YES_AGGRESSIVE;
				CODE_SIGN_IDENTITY = "iPhone Developer";
				CODE_SIGN_STYLE = Automatic;
				DEVELOPMENT_TEAM = 9YLTDFGYW3;
				GCC_C_LANGUAGE_STANDARD = gnu11;
				INFOPLIST_FILE = ScrollView/Info.plist;
				IPHONEOS_DEPLOYMENT_TARGET = 11.4;
				LD_RUNPATH_SEARCH_PATHS = "$(inherited) @executable_path/Frameworks";
				PRODUCT_BUNDLE_IDENTIFIER = com.datayp.ScrollView;
				PRODUCT_NAME = "$(TARGET_NAME)";
				SWIFT_VERSION = 4.0;
				TARGETED_DEVICE_FAMILY = "1,2";
			};
			name = Release;
		};
		DBB879652109997E00D395BE /* Debug */ = {
			isa = XCBuildConfiguration;
			buildSettings = {
				ALWAYS_EMBED_SWIFT_STANDARD_LIBRARIES = YES;
				ASSETCATALOG_COMPILER_APPICON_NAME = AppIcon;
				CLANG_CXX_LANGUAGE_STANDARD = "gnu++14";
				CLANG_ENABLE_OBJC_WEAK = YES;
				CLANG_WARN_UNGUARDED_AVAILABILITY = YES_AGGRESSIVE;
				CODE_SIGN_IDENTITY = "iPhone Developer";
				CODE_SIGN_STYLE = Automatic;
				DEVELOPMENT_TEAM = 9YLTDFGYW3;
				GCC_C_LANGUAGE_STANDARD = gnu11;
				INFOPLIST_FILE = Example/Info.plist;
				IPHONEOS_DEPLOYMENT_TARGET = 11.4;
				LD_RUNPATH_SEARCH_PATHS = "$(inherited) @executable_path/Frameworks";
				PRODUCT_BUNDLE_IDENTIFIER = com.datayp.Example;
				PRODUCT_NAME = "$(TARGET_NAME)";
				SWIFT_VERSION = 4.0;
				TARGETED_DEVICE_FAMILY = "1,2";
			};
			name = Debug;
		};
		DBB879662109997E00D395BE /* Release */ = {
			isa = XCBuildConfiguration;
			buildSettings = {
				ALWAYS_EMBED_SWIFT_STANDARD_LIBRARIES = YES;
				ASSETCATALOG_COMPILER_APPICON_NAME = AppIcon;
				CLANG_CXX_LANGUAGE_STANDARD = "gnu++14";
				CLANG_ENABLE_OBJC_WEAK = YES;
				CLANG_WARN_UNGUARDED_AVAILABILITY = YES_AGGRESSIVE;
				CODE_SIGN_IDENTITY = "iPhone Developer";
				CODE_SIGN_STYLE = Automatic;
				DEVELOPMENT_TEAM = 9YLTDFGYW3;
				GCC_C_LANGUAGE_STANDARD = gnu11;
				INFOPLIST_FILE = Example/Info.plist;
				IPHONEOS_DEPLOYMENT_TARGET = 11.4;
				LD_RUNPATH_SEARCH_PATHS = "$(inherited) @executable_path/Frameworks";
				PRODUCT_BUNDLE_IDENTIFIER = com.datayp.Example;
				PRODUCT_NAME = "$(TARGET_NAME)";
				SWIFT_VERSION = 4.0;
				TARGETED_DEVICE_FAMILY = "1,2";
			};
			name = Release;
		};
		DBC80A9D1F40415F006A7B63 /* Debug */ = {
			isa = XCBuildConfiguration;
			buildSettings = {
				ALWAYS_SEARCH_USER_PATHS = NO;
				CLANG_ANALYZER_NONNULL = YES;
				CLANG_ANALYZER_NUMBER_OBJECT_CONVERSION = YES_AGGRESSIVE;
				CLANG_CXX_LANGUAGE_STANDARD = "gnu++0x";
				CLANG_CXX_LIBRARY = "libc++";
				CLANG_ENABLE_MODULES = YES;
				CLANG_ENABLE_OBJC_ARC = YES;
				CLANG_WARN_BLOCK_CAPTURE_AUTORELEASING = YES;
				CLANG_WARN_BOOL_CONVERSION = YES;
				CLANG_WARN_COMMA = YES;
				CLANG_WARN_CONSTANT_CONVERSION = YES;
				CLANG_WARN_DEPRECATED_OBJC_IMPLEMENTATIONS = YES;
				CLANG_WARN_DIRECT_OBJC_ISA_USAGE = YES_ERROR;
				CLANG_WARN_DOCUMENTATION_COMMENTS = YES;
				CLANG_WARN_EMPTY_BODY = YES;
				CLANG_WARN_ENUM_CONVERSION = YES;
				CLANG_WARN_INFINITE_RECURSION = YES;
				CLANG_WARN_INT_CONVERSION = YES;
				CLANG_WARN_NON_LITERAL_NULL_CONVERSION = YES;
				CLANG_WARN_OBJC_IMPLICIT_RETAIN_SELF = YES;
				CLANG_WARN_OBJC_LITERAL_CONVERSION = YES;
				CLANG_WARN_OBJC_ROOT_CLASS = YES_ERROR;
				CLANG_WARN_RANGE_LOOP_ANALYSIS = YES;
				CLANG_WARN_STRICT_PROTOTYPES = YES;
				CLANG_WARN_SUSPICIOUS_MOVE = YES;
				CLANG_WARN_UNREACHABLE_CODE = YES;
				CLANG_WARN__DUPLICATE_METHOD_MATCH = YES;
				"CODE_SIGN_IDENTITY[sdk=iphoneos*]" = "iPhone Developer";
				COPY_PHASE_STRIP = NO;
				CURRENT_PROJECT_VERSION = 1;
				DEBUG_INFORMATION_FORMAT = dwarf;
				ENABLE_STRICT_OBJC_MSGSEND = YES;
				ENABLE_TESTABILITY = YES;
				GCC_C_LANGUAGE_STANDARD = gnu99;
				GCC_DYNAMIC_NO_PIC = NO;
				GCC_NO_COMMON_BLOCKS = YES;
				GCC_OPTIMIZATION_LEVEL = 0;
				GCC_PREPROCESSOR_DEFINITIONS = (
					"DEBUG=1",
					"$(inherited)",
				);
				GCC_WARN_64_TO_32_BIT_CONVERSION = YES;
				GCC_WARN_ABOUT_RETURN_TYPE = YES_ERROR;
				GCC_WARN_UNDECLARED_SELECTOR = YES;
				GCC_WARN_UNINITIALIZED_AUTOS = YES_AGGRESSIVE;
				GCC_WARN_UNUSED_FUNCTION = YES;
				GCC_WARN_UNUSED_VARIABLE = YES;
				IPHONEOS_DEPLOYMENT_TARGET = 10.3;
				MTL_ENABLE_DEBUG_INFO = YES;
				ONLY_ACTIVE_ARCH = YES;
				SDKROOT = iphoneos;
				SWIFT_ACTIVE_COMPILATION_CONDITIONS = DEBUG;
				SWIFT_OPTIMIZATION_LEVEL = "-Onone";
				TARGETED_DEVICE_FAMILY = "1,2";
				VERSIONING_SYSTEM = "apple-generic";
				VERSION_INFO_PREFIX = "";
			};
			name = Debug;
		};
		DBC80A9E1F40415F006A7B63 /* Release */ = {
			isa = XCBuildConfiguration;
			buildSettings = {
				ALWAYS_SEARCH_USER_PATHS = NO;
				CLANG_ANALYZER_NONNULL = YES;
				CLANG_ANALYZER_NUMBER_OBJECT_CONVERSION = YES_AGGRESSIVE;
				CLANG_CXX_LANGUAGE_STANDARD = "gnu++0x";
				CLANG_CXX_LIBRARY = "libc++";
				CLANG_ENABLE_MODULES = YES;
				CLANG_ENABLE_OBJC_ARC = YES;
				CLANG_WARN_BLOCK_CAPTURE_AUTORELEASING = YES;
				CLANG_WARN_BOOL_CONVERSION = YES;
				CLANG_WARN_COMMA = YES;
				CLANG_WARN_CONSTANT_CONVERSION = YES;
				CLANG_WARN_DEPRECATED_OBJC_IMPLEMENTATIONS = YES;
				CLANG_WARN_DIRECT_OBJC_ISA_USAGE = YES_ERROR;
				CLANG_WARN_DOCUMENTATION_COMMENTS = YES;
				CLANG_WARN_EMPTY_BODY = YES;
				CLANG_WARN_ENUM_CONVERSION = YES;
				CLANG_WARN_INFINITE_RECURSION = YES;
				CLANG_WARN_INT_CONVERSION = YES;
				CLANG_WARN_NON_LITERAL_NULL_CONVERSION = YES;
				CLANG_WARN_OBJC_IMPLICIT_RETAIN_SELF = YES;
				CLANG_WARN_OBJC_LITERAL_CONVERSION = YES;
				CLANG_WARN_OBJC_ROOT_CLASS = YES_ERROR;
				CLANG_WARN_RANGE_LOOP_ANALYSIS = YES;
				CLANG_WARN_STRICT_PROTOTYPES = YES;
				CLANG_WARN_SUSPICIOUS_MOVE = YES;
				CLANG_WARN_UNREACHABLE_CODE = YES;
				CLANG_WARN__DUPLICATE_METHOD_MATCH = YES;
				"CODE_SIGN_IDENTITY[sdk=iphoneos*]" = "iPhone Developer";
				COPY_PHASE_STRIP = NO;
				CURRENT_PROJECT_VERSION = 1;
				DEBUG_INFORMATION_FORMAT = "dwarf-with-dsym";
				ENABLE_NS_ASSERTIONS = NO;
				ENABLE_STRICT_OBJC_MSGSEND = YES;
				GCC_C_LANGUAGE_STANDARD = gnu99;
				GCC_NO_COMMON_BLOCKS = YES;
				GCC_WARN_64_TO_32_BIT_CONVERSION = YES;
				GCC_WARN_ABOUT_RETURN_TYPE = YES_ERROR;
				GCC_WARN_UNDECLARED_SELECTOR = YES;
				GCC_WARN_UNINITIALIZED_AUTOS = YES_AGGRESSIVE;
				GCC_WARN_UNUSED_FUNCTION = YES;
				GCC_WARN_UNUSED_VARIABLE = YES;
				IPHONEOS_DEPLOYMENT_TARGET = 10.3;
				MTL_ENABLE_DEBUG_INFO = NO;
				SDKROOT = iphoneos;
				SWIFT_OPTIMIZATION_LEVEL = "-Owholemodule";
				TARGETED_DEVICE_FAMILY = "1,2";
				VALIDATE_PRODUCT = YES;
				VERSIONING_SYSTEM = "apple-generic";
				VERSION_INFO_PREFIX = "";
			};
			name = Release;
		};
		DBC80AA01F40415F006A7B63 /* Debug */ = {
			isa = XCBuildConfiguration;
			buildSettings = {
				CLANG_ENABLE_MODULES = YES;
				CODE_SIGN_IDENTITY = "iPhone Developer";
				DEFINES_MODULE = YES;
				DEVELOPMENT_TEAM = 9YLTDFGYW3;
				DYLIB_COMPATIBILITY_VERSION = 1;
				DYLIB_CURRENT_VERSION = 1;
				DYLIB_INSTALL_NAME_BASE = "@rpath";
				INFOPLIST_FILE = PullToRefresh/Info.plist;
				INSTALL_PATH = "$(LOCAL_LIBRARY_DIR)/Frameworks";
				IPHONEOS_DEPLOYMENT_TARGET = 8.0;
				LD_RUNPATH_SEARCH_PATHS = "$(inherited) @executable_path/Frameworks @loader_path/Frameworks";
				PRODUCT_BUNDLE_IDENTIFIER = com.datayp.PullToRefresh;
				PRODUCT_NAME = "$(TARGET_NAME)";
				SKIP_INSTALL = YES;
				SWIFT_OPTIMIZATION_LEVEL = "-Onone";
				SWIFT_VERSION = 4.0;
			};
			name = Debug;
		};
		DBC80AA11F40415F006A7B63 /* Release */ = {
			isa = XCBuildConfiguration;
			buildSettings = {
				CLANG_ENABLE_MODULES = YES;
				CODE_SIGN_IDENTITY = "iPhone Developer";
				DEFINES_MODULE = YES;
				DEVELOPMENT_TEAM = 9YLTDFGYW3;
				DYLIB_COMPATIBILITY_VERSION = 1;
				DYLIB_CURRENT_VERSION = 1;
				DYLIB_INSTALL_NAME_BASE = "@rpath";
				INFOPLIST_FILE = PullToRefresh/Info.plist;
				INSTALL_PATH = "$(LOCAL_LIBRARY_DIR)/Frameworks";
				IPHONEOS_DEPLOYMENT_TARGET = 8.0;
				LD_RUNPATH_SEARCH_PATHS = "$(inherited) @executable_path/Frameworks @loader_path/Frameworks";
				PRODUCT_BUNDLE_IDENTIFIER = com.datayp.PullToRefresh;
				PRODUCT_NAME = "$(TARGET_NAME)";
				SKIP_INSTALL = YES;
				SWIFT_VERSION = 4.0;
			};
			name = Release;
		};
/* End XCBuildConfiguration section */

/* Begin XCConfigurationList section */
		DBB87951210972D600D395BE /* Build configuration list for PBXNativeTarget "ScrollView" */ = {
			isa = XCConfigurationList;
			buildConfigurations = (
				DBB87952210972D600D395BE /* Debug */,
				DBB87953210972D600D395BE /* Release */,
			);
			defaultConfigurationIsVisible = 0;
			defaultConfigurationName = Release;
		};
		DBB879642109997E00D395BE /* Build configuration list for PBXNativeTarget "Example" */ = {
			isa = XCConfigurationList;
			buildConfigurations = (
				DBB879652109997E00D395BE /* Debug */,
				DBB879662109997E00D395BE /* Release */,
			);
			defaultConfigurationIsVisible = 0;
			defaultConfigurationName = Release;
		};
		DBC80A911F40415F006A7B63 /* Build configuration list for PBXProject "PullToRefresh" */ = {
			isa = XCConfigurationList;
			buildConfigurations = (
				DBC80A9D1F40415F006A7B63 /* Debug */,
				DBC80A9E1F40415F006A7B63 /* Release */,
			);
			defaultConfigurationIsVisible = 0;
			defaultConfigurationName = Release;
		};
		DBC80A9F1F40415F006A7B63 /* Build configuration list for PBXNativeTarget "PullToRefresh" */ = {
			isa = XCConfigurationList;
			buildConfigurations = (
				DBC80AA01F40415F006A7B63 /* Debug */,
				DBC80AA11F40415F006A7B63 /* Release */,
			);
			defaultConfigurationIsVisible = 0;
			defaultConfigurationName = Release;
		};
/* End XCConfigurationList section */
	};
	rootObject = DBC80A8E1F40415F006A7B63 /* Project object */;
}
